<?xml version="1.0" encoding="utf-8"?>
<Project ToolsVersion="4.0" xmlns="http://schemas.microsoft.com/developer/msbuild/2003">
  <ItemGroup>
    <Filter Include="소스 파일">
      <UniqueIdentifier>{4FC737F1-C7A5-4376-A066-2A32D752A2FF}</UniqueIdentifier>
      <Extensions>cpp;c;cc;cxx;c++;def;odl;idl;hpj;bat;asm;asmx</Extensions>
    </Filter>
    <Filter Include="헤더 파일">
      <UniqueIdentifier>{93995380-89BD-4b04-88EB-625FBE52EBFB}</UniqueIdentifier>
      <Extensions>h;hh;hpp;hxx;h++;hm;inl;inc;ipp;xsd</Extensions>
    </Filter>
    <Filter Include="리소스 파일">
      <UniqueIdentifier>{67DA6AB6-F800-4c08-8B7A-83BB121AAD01}</UniqueIdentifier>
      <Extensions>rc;ico;cur;bmp;dlg;rc2;rct;bin;rgs;gif;jpg;jpeg;jpe;resx;tiff;tif;png;wav;mfcribbon-ms</Extensions>
    </Filter>
    <Filter Include="Renderer">
      <UniqueIdentifier>{1f4ec524-e2a2-4c62-855e-f6e60d96f341}</UniqueIdentifier>
    </Filter>
    <Filter Include="Util">
      <UniqueIdentifier>{81ac523c-d3ef-4e3f-a022-57962ef0b5bc}</UniqueIdentifier>
    </Filter>
    <Filter Include="Math">
      <UniqueIdentifier>{7e78fbb2-2ff2-4568-ae8f-54e3922c350d}</UniqueIdentifier>
    </Filter>
    <Filter Include="Renderer\Primitives">
      <UniqueIdentifier>{a1a4675b-61df-4521-a203-b95292cd6fc4}</UniqueIdentifier>
    </Filter>
    <Filter Include="Renderer\PrimitiveGenerators">
      <UniqueIdentifier>{8b7dbe1e-614d-4740-a91c-5e55dacdf028}</UniqueIdentifier>
    </Filter>
  </ItemGroup>
  <ItemGroup>
    <ClInclude Include="targetver.h">
      <Filter>헤더 파일</Filter>
    </ClInclude>
    <ClInclude Include="Resource.h">
      <Filter>헤더 파일</Filter>
    </ClInclude>
    <ClInclude Include="SoftwareRenderer.h">
      <Filter>헤더 파일</Filter>
    </ClInclude>
    <ClInclude Include="Renderer\GdiRenderer.h">
      <Filter>Renderer</Filter>
    </ClInclude>
    <ClInclude Include="Renderer\IRenderer.h">
      <Filter>Renderer</Filter>
    </ClInclude>
    <ClInclude Include="framework.h">
      <Filter>헤더 파일</Filter>
    </ClInclude>
    <ClInclude Include="Time.h">
      <Filter>헤더 파일</Filter>
    </ClInclude>
    <ClInclude Include="Renderer\FrameBuffer.h">
      <Filter>Renderer</Filter>
    </ClInclude>
    <ClInclude Include="Util\IBaseIterator.h">
      <Filter>Util</Filter>
    </ClInclude>
    <ClInclude Include="Math\RangeInt.h">
      <Filter>Math</Filter>
    </ClInclude>
    <ClInclude Include="Util\RangeIterator.h">
      <Filter>Util</Filter>
    </ClInclude>
    <ClInclude Include="Renderer\Primitives\Point.h">
      <Filter>Renderer\Primitives</Filter>
    </ClInclude>
    <ClInclude Include="Renderer\Primitives\IPrimitive.h">
      <Filter>Renderer\Primitives</Filter>
    </ClInclude>
    <ClInclude Include="Renderer\PixelIterator.h">
      <Filter>Renderer</Filter>
    </ClInclude>
    <ClInclude Include="Math\Vector2.hpp">
      <Filter>Math</Filter>
    </ClInclude>
    <ClInclude Include="Math\Vector3.hpp">
      <Filter>Math</Filter>
    </ClInclude>
    <ClInclude Include="Math\Vector4.hpp">
      <Filter>Math</Filter>
    </ClInclude>
    <ClInclude Include="Math\Vector.h">
      <Filter>Math</Filter>
    </ClInclude>
    <ClInclude Include="Math\Matrix4x4.h">
      <Filter>Math</Filter>
    </ClInclude>
    <ClInclude Include="Renderer\PrimitiveGenerators\IPrimitiveGenerator.h">
      <Filter>Renderer\PrimitiveGenerators</Filter>
    </ClInclude>
    <ClInclude Include="Renderer\PrimitiveGenerators\PointGenerator.h">
      <Filter>Renderer\PrimitiveGenerators</Filter>
    </ClInclude>
    <ClInclude Include="Renderer\PrimitiveGenerators\PrimitiveGeneratorFactory.h">
      <Filter>Renderer\PrimitiveGenerators</Filter>
    </ClInclude>
    <ClInclude Include="Renderer\Primitives\Line.h">
      <Filter>Renderer\Primitives</Filter>
    </ClInclude>
    <ClInclude Include="Renderer\PrimitiveGenerators\LineGenerator.h">
      <Filter>Renderer\PrimitiveGenerators</Filter>
    </ClInclude>
    <ClInclude Include="Renderer\Vertex.h">
      <Filter>Renderer</Filter>
    </ClInclude>
  </ItemGroup>
  <ItemGroup>
    <ResourceCompile Include="SoftwareRenderer.rc">
      <Filter>리소스 파일</Filter>
    </ResourceCompile>
  </ItemGroup>
  <ItemGroup>
    <Image Include="small.ico">
      <Filter>리소스 파일</Filter>
    </Image>
    <Image Include="SoftwareRenderer.ico">
      <Filter>리소스 파일</Filter>
    </Image>
  </ItemGroup>
  <ItemGroup>
    <ClCompile Include="WinMain.cpp">
      <Filter>소스 파일</Filter>
    </ClCompile>
    <ClCompile Include="Renderer\GdiRenderer.cpp">
      <Filter>Renderer</Filter>
    </ClCompile>
    <ClCompile Include="framework.cpp">
      <Filter>소스 파일</Filter>
    </ClCompile>
    <ClCompile Include="Time.cpp">
      <Filter>소스 파일</Filter>
    </ClCompile>
    <ClCompile Include="Renderer\FrameBuffer.cpp">
      <Filter>Renderer</Filter>
    </ClCompile>
    <ClCompile Include="Util\RangeIterator.cpp">
      <Filter>Util</Filter>
    </ClCompile>
    <ClCompile Include="Math\RangeInt.cpp">
      <Filter>Math</Filter>
    </ClCompile>
    <ClCompile Include="Renderer\Primitives\Point.cpp">
      <Filter>Renderer\Primitives</Filter>
    </ClCompile>
    <ClCompile Include="Renderer\PixelIterator.cpp">
      <Filter>Renderer</Filter>
    </ClCompile>
    <ClCompile Include="Math\Matrix4x4.cpp">
      <Filter>Math</Filter>
    </ClCompile>
    <ClCompile Include="Renderer\PrimitiveGenerators\PointGenerator.cpp">
      <Filter>Renderer\PrimitiveGenerators</Filter>
    </ClCompile>
    <ClCompile Include="Renderer\PrimitiveGenerators\PrimitiveGeneratorFactory.cpp">
      <Filter>Renderer\PrimitiveGenerators</Filter>
    </ClCompile>
    <ClCompile Include="Renderer\Primitives\Line.cpp">
      <Filter>Renderer\Primitives</Filter>
    </ClCompile>
    <ClCompile Include="Renderer\PrimitiveGenerators\LineGenerator.cpp">
      <Filter>Renderer\PrimitiveGenerators</Filter>
    </ClCompile>
    <ClCompile Include="Renderer\Vertex.cpp">
      <Filter>Renderer</Filter>
    </ClCompile>
  </ItemGroup>
</Project>