<?xml version="1.0" encoding="utf-8"?>
<Project ToolsVersion="4.0" xmlns="http://schemas.microsoft.com/developer/msbuild/2003">
  <ItemGroup>
    <Filter Include="소스 파일">
      <UniqueIdentifier>{4FC737F1-C7A5-4376-A066-2A32D752A2FF}</UniqueIdentifier>
      <Extensions>cpp;c;cc;cxx;c++;def;odl;idl;hpj;bat;asm;asmx</Extensions>
    </Filter>
    <Filter Include="헤더 파일">
      <UniqueIdentifier>{93995380-89BD-4b04-88EB-625FBE52EBFB}</UniqueIdentifier>
      <Extensions>h;hh;hpp;hxx;h++;hm;inl;inc;ipp;xsd</Extensions>
    </Filter>
    <Filter Include="리소스 파일">
      <UniqueIdentifier>{67DA6AB6-F800-4c08-8B7A-83BB121AAD01}</UniqueIdentifier>
      <Extensions>rc;ico;cur;bmp;dlg;rc2;rct;bin;rgs;gif;jpg;jpeg;jpe;resx;tiff;tif;png;wav;mfcribbon-ms</Extensions>
    </Filter>
    <Filter Include="Renderer">
      <UniqueIdentifier>{1f4ec524-e2a2-4c62-855e-f6e60d96f341}</UniqueIdentifier>
    </Filter>
    <Filter Include="Util">
      <UniqueIdentifier>{81ac523c-d3ef-4e3f-a022-57962ef0b5bc}</UniqueIdentifier>
    </Filter>
    <Filter Include="Math">
      <UniqueIdentifier>{7e78fbb2-2ff2-4568-ae8f-54e3922c350d}</UniqueIdentifier>
    </Filter>
    <Filter Include="Scene">
      <UniqueIdentifier>{8a71d56f-4997-4dec-88ef-f07528a749c8}</UniqueIdentifier>
    </Filter>
    <Filter Include="Scene\NeHeSamples">
      <UniqueIdentifier>{1ab52c48-a0b1-4212-bab7-50b7dec43ade}</UniqueIdentifier>
    </Filter>
    <Filter Include="Renderer\Rasterizer">
      <UniqueIdentifier>{a1a4675b-61df-4521-a203-b95292cd6fc4}</UniqueIdentifier>
    </Filter>
    <Filter Include="Scene\gl">
      <UniqueIdentifier>{2cb3a64e-57d7-4e4b-b7de-0c99ca59f6a0}</UniqueIdentifier>
    </Filter>
    <Filter Include="Renderer\Texturing">
      <UniqueIdentifier>{756bcc1a-ce64-46a3-8a8b-4c0bdc4f10d2}</UniqueIdentifier>
    </Filter>
    <Filter Include="Renderer\Geometry">
      <UniqueIdentifier>{0ca84a82-93bb-4b7f-812f-5ec6bfc9928d}</UniqueIdentifier>
    </Filter>
    <Filter Include="Renderer\GeometryGenerators">
      <UniqueIdentifier>{8b7dbe1e-614d-4740-a91c-5e55dacdf028}</UniqueIdentifier>
    </Filter>
    <Filter Include="Renderer\Rasterizer\Algorithm">
      <UniqueIdentifier>{b888f9e3-9198-4bc3-9ff1-08d793cd082d}</UniqueIdentifier>
    </Filter>
    <Filter Include="Renderer\DepthTest">
      <UniqueIdentifier>{f0189401-e065-458c-8452-abedf2538b7e}</UniqueIdentifier>
    </Filter>
    <Filter Include="Renderer\Blending">
      <UniqueIdentifier>{96d15fa4-a367-47cc-a1d6-8155104aa3b6}</UniqueIdentifier>
    </Filter>
    <Filter Include="Renderer\CullFace">
      <UniqueIdentifier>{33c58c31-1b00-4b12-9041-daffe767fb3c}</UniqueIdentifier>
    </Filter>
    <Filter Include="Renderer\Ligthing">
      <UniqueIdentifier>{b3f21f95-c3f1-4ec2-beed-c11bffd7e9a5}</UniqueIdentifier>
    </Filter>
    <Filter Include="Renderer\Mesh">
      <UniqueIdentifier>{ad33fe4f-1b06-4867-8c37-5962e2ac4e42}</UniqueIdentifier>
    </Filter>
    <Filter Include="Scene\gl\Buffer">
      <UniqueIdentifier>{cf95df72-b66d-4b85-89b0-cba1eb2106ae}</UniqueIdentifier>
    </Filter>
  </ItemGroup>
  <ItemGroup>
    <ClInclude Include="targetver.h">
      <Filter>헤더 파일</Filter>
    </ClInclude>
    <ClInclude Include="Resource.h">
      <Filter>헤더 파일</Filter>
    </ClInclude>
    <ClInclude Include="SoftwareRenderer.h">
      <Filter>헤더 파일</Filter>
    </ClInclude>
    <ClInclude Include="Renderer\GdiRenderer.h">
      <Filter>Renderer</Filter>
    </ClInclude>
    <ClInclude Include="Renderer\IRenderer.h">
      <Filter>Renderer</Filter>
    </ClInclude>
    <ClInclude Include="framework.h">
      <Filter>헤더 파일</Filter>
    </ClInclude>
    <ClInclude Include="Time.h">
      <Filter>헤더 파일</Filter>
    </ClInclude>
    <ClInclude Include="Renderer\FrameBuffer.h">
      <Filter>Renderer</Filter>
    </ClInclude>
    <ClInclude Include="Util\IBaseIterator.h">
      <Filter>Util</Filter>
    </ClInclude>
    <ClInclude Include="Math\RangeInt.h">
      <Filter>Math</Filter>
    </ClInclude>
    <ClInclude Include="Renderer\PixelIterator.h">
      <Filter>Renderer</Filter>
    </ClInclude>
    <ClInclude Include="Math\Vector2.hpp">
      <Filter>Math</Filter>
    </ClInclude>
    <ClInclude Include="Math\Vector3.hpp">
      <Filter>Math</Filter>
    </ClInclude>
    <ClInclude Include="Math\Vector4.hpp">
      <Filter>Math</Filter>
    </ClInclude>
    <ClInclude Include="Math\Vector.h">
      <Filter>Math</Filter>
    </ClInclude>
    <ClInclude Include="Math\Matrix4x4.h">
      <Filter>Math</Filter>
    </ClInclude>
    <ClInclude Include="Renderer\Vertex.h">
      <Filter>Renderer</Filter>
    </ClInclude>
    <ClInclude Include="Scene\SampleScene.h">
      <Filter>Scene</Filter>
    </ClInclude>
    <ClInclude Include="Scene\IScene.h">
      <Filter>Scene</Filter>
    </ClInclude>
    <ClInclude Include="Scene\SceneFactory.h">
      <Filter>Scene</Filter>
    </ClInclude>
    <ClInclude Include="Scene\NeHeSamples\NeHeSample.h">
      <Filter>Scene\NeHeSamples</Filter>
    </ClInclude>
    <ClInclude Include="Math\RangeIterator.h">
      <Filter>Math</Filter>
    </ClInclude>
    <ClInclude Include="Math\MathExt.h">
      <Filter>Math</Filter>
    </ClInclude>
    <ClInclude Include="Renderer\Rasterizer\RasterizedPixel.h">
      <Filter>Renderer\Rasterizer</Filter>
    </ClInclude>
    <ClInclude Include="Math\Bounds.h">
      <Filter>Math</Filter>
    </ClInclude>
    <ClInclude Include="Renderer\Rasterizer\IRasterizer.h">
      <Filter>Renderer\Rasterizer</Filter>
    </ClInclude>
    <ClInclude Include="Renderer\Texturing\Texture2D.h">
      <Filter>Renderer\Texturing</Filter>
    </ClInclude>
    <ClInclude Include="Util\IImageSource.h">
      <Filter>Util</Filter>
    </ClInclude>
    <ClInclude Include="Util\Bitmap.h">
      <Filter>Util</Filter>
    </ClInclude>
    <ClInclude Include="Scene\gl\glTextureManager.h">
      <Filter>Scene\gl</Filter>
    </ClInclude>
    <ClInclude Include="Scene\gl\AUX_RGBImageRec.h">
      <Filter>Scene\gl</Filter>
    </ClInclude>
    <ClInclude Include="SceneMenu.h">
      <Filter>헤더 파일</Filter>
    </ClInclude>
    <ClInclude Include="Renderer\Texturing\WrapMode.h">
      <Filter>Renderer\Texturing</Filter>
    </ClInclude>
    <ClInclude Include="Util\Dictionary.hpp">
      <Filter>Util</Filter>
    </ClInclude>
    <ClInclude Include="Renderer\Texturing\ITexture.h">
      <Filter>Renderer\Texturing</Filter>
    </ClInclude>
    <ClInclude Include="Renderer\Texturing\TextureFilter.h">
      <Filter>Renderer\Texturing</Filter>
    </ClInclude>
    <ClInclude Include="Renderer\Texturing\Mipmap.h">
      <Filter>Renderer\Texturing</Filter>
    </ClInclude>
    <ClInclude Include="Renderer\Rasterizer\PixelValues.h">
      <Filter>Renderer\Rasterizer</Filter>
    </ClInclude>
    <ClInclude Include="Renderer\Geometry\IGeometry.h">
      <Filter>Renderer\Geometry</Filter>
    </ClInclude>
    <ClInclude Include="Renderer\Geometry\Line.h">
      <Filter>Renderer\Geometry</Filter>
    </ClInclude>
    <ClInclude Include="Renderer\Rasterizer\LineRasterizer.h">
      <Filter>Renderer\Rasterizer</Filter>
    </ClInclude>
    <ClInclude Include="Renderer\Geometry\Triangle.h">
      <Filter>Renderer\Geometry</Filter>
    </ClInclude>
    <ClInclude Include="Renderer\Rasterizer\PointRasterizer.h">
      <Filter>Renderer\Rasterizer</Filter>
    </ClInclude>
    <ClInclude Include="Renderer\Geometry\Point.h">
      <Filter>Renderer\Geometry</Filter>
    </ClInclude>
    <ClInclude Include="Renderer\Rasterizer\PolygonRasterizer.h">
      <Filter>Renderer\Rasterizer</Filter>
    </ClInclude>
    <ClInclude Include="Renderer\Generators\LineGenerator.h">
      <Filter>Renderer\GeometryGenerators</Filter>
    </ClInclude>
    <ClInclude Include="Renderer\Generators\PointGenerator.h">
      <Filter>Renderer\GeometryGenerators</Filter>
    </ClInclude>
    <ClInclude Include="Renderer\Generators\QuadGenerator.h">
      <Filter>Renderer\GeometryGenerators</Filter>
    </ClInclude>
    <ClInclude Include="Renderer\Generators\TriangleGenerator.h">
      <Filter>Renderer\GeometryGenerators</Filter>
    </ClInclude>
    <ClInclude Include="Renderer\Generators\Types.h">
      <Filter>Renderer\GeometryGenerators</Filter>
    </ClInclude>
    <ClInclude Include="Renderer\Generators\GeometryGenerator.h">
      <Filter>Renderer\GeometryGenerators</Filter>
    </ClInclude>
    <ClInclude Include="Renderer\Rasterizer\Bresenham.h">
      <Filter>Renderer\Rasterizer\Algorithm</Filter>
    </ClInclude>
    <ClInclude Include="Renderer\Rasterizer\BresenhamList.h">
      <Filter>Renderer\Rasterizer\Algorithm</Filter>
    </ClInclude>
    <ClInclude Include="Renderer\Rasterizer\DerivativeTexcoord.h">
      <Filter>Renderer\Rasterizer\Algorithm</Filter>
    </ClInclude>
    <ClInclude Include="Renderer\Geometry\SutherlanHodgman.h">
      <Filter>Renderer\Geometry</Filter>
    </ClInclude>
    <ClInclude Include="Scene\NeHeSamples\Lesson6.h">
      <Filter>Scene\NeHeSamples</Filter>
    </ClInclude>
    <ClInclude Include="Scene\NeHeSamples\ILesson.h">
      <Filter>Scene\NeHeSamples</Filter>
    </ClInclude>
    <ClInclude Include="Scene\NeHeSamples\Lesson8.h">
      <Filter>Scene\NeHeSamples</Filter>
    </ClInclude>
    <ClInclude Include="Scene\NeHeSamples\LessonList.h">
      <Filter>Scene\NeHeSamples</Filter>
    </ClInclude>
    <ClInclude Include="Renderer\Texturing\TextureComponent.h">
      <Filter>Renderer\Texturing</Filter>
    </ClInclude>
    <ClInclude Include="Renderer\DepthTest\DepthFunc.h">
      <Filter>Renderer\DepthTest</Filter>
    </ClInclude>
    <ClInclude Include="Renderer\DepthTest\DepthBuffer.h">
      <Filter>Renderer\DepthTest</Filter>
    </ClInclude>
    <ClInclude Include="Renderer\Blending\BlendFunc.h">
      <Filter>Renderer\Blending</Filter>
    </ClInclude>
    <ClInclude Include="Renderer\Blending\BlendComponent.h">
      <Filter>Renderer\Blending</Filter>
    </ClInclude>
    <ClInclude Include="Renderer\CullFace\CullFaceComponent.h">
      <Filter>Renderer\CullFace</Filter>
    </ClInclude>
    <ClInclude Include="Renderer\IComponent.h">
      <Filter>Renderer</Filter>
    </ClInclude>
    <ClInclude Include="Renderer\Lighting\LightingComponent.h">
      <Filter>Renderer\Ligthing</Filter>
    </ClInclude>
    <ClInclude Include="Renderer\Lighting\Light.h">
      <Filter>Renderer\Ligthing</Filter>
    </ClInclude>
    <ClInclude Include="Renderer\Lighting\Material.h">
      <Filter>Renderer\Ligthing</Filter>
    </ClInclude>
    <ClInclude Include="Scene\gl\glLightManager.h">
      <Filter>Scene\gl</Filter>
    </ClInclude>
    <ClInclude Include="Math\Radian.h">
      <Filter>Math</Filter>
    </ClInclude>
    <ClInclude Include="Math\Degree.h">
      <Filter>Math</Filter>
    </ClInclude>
    <ClInclude Include="Scene\NeHeSamples\Lesson45.h">
      <Filter>Scene\NeHeSamples</Filter>
    </ClInclude>
    <ClInclude Include="Scene\gl\glBridge.h">
      <Filter>Scene\gl</Filter>
    </ClInclude>
    <ClInclude Include="Renderer\Mesh\Mesh.h">
      <Filter>Renderer\Mesh</Filter>
    </ClInclude>
    <ClInclude Include="Renderer\Mesh\VertexIterator.h">
      <Filter>Renderer\Mesh</Filter>
    </ClInclude>
    <ClInclude Include="Scene\gl\glMeshBuilder.h">
      <Filter>Scene\gl</Filter>
    </ClInclude>
    <ClInclude Include="Scene\gl\Buffer\glIndexBuffer.h">
      <Filter>Scene\gl\Buffer</Filter>
    </ClInclude>
    <ClInclude Include="Scene\gl\Buffer\glVertexBuffer.h">
      <Filter>Scene\gl\Buffer</Filter>
    </ClInclude>
    <ClInclude Include="Scene\gl\Buffer\glBuffer.hpp">
      <Filter>Scene\gl\Buffer</Filter>
    </ClInclude>
    <ClInclude Include="Scene\gl\Buffer\glBufferIterator.hpp">
      <Filter>Scene\gl\Buffer</Filter>
    </ClInclude>
    <ClInclude Include="Scene\gl\glAdapter.h">
      <Filter>Scene\gl</Filter>
    </ClInclude>
    <ClInclude Include="Scene\NeHeSamples\Lesson18.h">
      <Filter>Scene\NeHeSamples</Filter>
    </ClInclude>
    <ClInclude Include="Renderer\Mesh\SampleMesh.h">
      <Filter>Renderer\Mesh</Filter>
    </ClInclude>
    <ClInclude Include="Renderer\Mesh\Quadric.h">
      <Filter>Renderer\Mesh</Filter>
    </ClInclude>
  </ItemGroup>
  <ItemGroup>
    <ResourceCompile Include="SoftwareRenderer.rc">
      <Filter>리소스 파일</Filter>
    </ResourceCompile>
  </ItemGroup>
  <ItemGroup>
    <Image Include="small.ico">
      <Filter>리소스 파일</Filter>
    </Image>
    <Image Include="SoftwareRenderer.ico">
      <Filter>리소스 파일</Filter>
    </Image>
  </ItemGroup>
  <ItemGroup>
    <ClCompile Include="WinMain.cpp">
      <Filter>소스 파일</Filter>
    </ClCompile>
    <ClCompile Include="Renderer\GdiRenderer.cpp">
      <Filter>Renderer</Filter>
    </ClCompile>
    <ClCompile Include="framework.cpp">
      <Filter>소스 파일</Filter>
    </ClCompile>
    <ClCompile Include="Time.cpp">
      <Filter>소스 파일</Filter>
    </ClCompile>
    <ClCompile Include="Renderer\FrameBuffer.cpp">
      <Filter>Renderer</Filter>
    </ClCompile>
    <ClCompile Include="Math\RangeInt.cpp">
      <Filter>Math</Filter>
    </ClCompile>
    <ClCompile Include="Renderer\PixelIterator.cpp">
      <Filter>Renderer</Filter>
    </ClCompile>
    <ClCompile Include="Math\Matrix4x4.cpp">
      <Filter>Math</Filter>
    </ClCompile>
    <ClCompile Include="Renderer\Vertex.cpp">
      <Filter>Renderer</Filter>
    </ClCompile>
    <ClCompile Include="Scene\SampleScene.cpp">
      <Filter>Scene</Filter>
    </ClCompile>
    <ClCompile Include="Scene\SceneFactory.cpp">
      <Filter>Scene</Filter>
    </ClCompile>
    <ClCompile Include="Scene\NeHeSamples\NeHeSample.cpp">
      <Filter>Scene\NeHeSamples</Filter>
    </ClCompile>
    <ClCompile Include="Math\RangeIterator.cpp">
      <Filter>Math</Filter>
    </ClCompile>
    <ClCompile Include="Renderer\Rasterizer\RasterizedPixel.cpp">
      <Filter>Renderer\Rasterizer</Filter>
    </ClCompile>
    <ClCompile Include="Math\Bounds.cpp">
      <Filter>Math</Filter>
    </ClCompile>
    <ClCompile Include="Scene\NeHeSamples\Lesson6.cpp">
      <Filter>Scene\NeHeSamples</Filter>
    </ClCompile>
    <ClCompile Include="Renderer\Texturing\Texture2D.cpp">
      <Filter>Renderer\Texturing</Filter>
    </ClCompile>
    <ClCompile Include="Util\Bitmap.cpp">
      <Filter>Util</Filter>
    </ClCompile>
    <ClCompile Include="Scene\gl\glTextureManager.cpp">
      <Filter>Scene\gl</Filter>
    </ClCompile>
    <ClCompile Include="Scene\gl\AUX_RGBImageRec.cpp">
      <Filter>Scene\gl</Filter>
    </ClCompile>
    <ClCompile Include="SceneMenu.cpp">
      <Filter>소스 파일</Filter>
    </ClCompile>
    <ClCompile Include="Renderer\Texturing\WrapMode.cpp">
      <Filter>Renderer\Texturing</Filter>
    </ClCompile>
    <ClCompile Include="Renderer\Texturing\TextureFilter.cpp">
      <Filter>Renderer\Texturing</Filter>
    </ClCompile>
    <ClCompile Include="Renderer\Texturing\Mipmap.cpp">
      <Filter>Renderer\Texturing</Filter>
    </ClCompile>
    <ClCompile Include="Renderer\Rasterizer\PixelValues.cpp">
      <Filter>Renderer\Rasterizer</Filter>
    </ClCompile>
    <ClCompile Include="Renderer\Geometry\Line.cpp">
      <Filter>Renderer\Geometry</Filter>
    </ClCompile>
    <ClCompile Include="Renderer\Rasterizer\LineRasterizer.cpp">
      <Filter>Renderer\Rasterizer</Filter>
    </ClCompile>
    <ClCompile Include="Renderer\Geometry\Triangle.cpp">
      <Filter>Renderer\Geometry</Filter>
    </ClCompile>
    <ClCompile Include="Renderer\Rasterizer\PointRasterizer.cpp">
      <Filter>Renderer\Rasterizer</Filter>
    </ClCompile>
    <ClCompile Include="Renderer\Geometry\Point.cpp">
      <Filter>Renderer\Geometry</Filter>
    </ClCompile>
    <ClCompile Include="Renderer\Rasterizer\PolygonRasterizer.cpp">
      <Filter>Renderer\Rasterizer</Filter>
    </ClCompile>
    <ClCompile Include="Renderer\Generators\LineGenerator.cpp">
      <Filter>Renderer\GeometryGenerators</Filter>
    </ClCompile>
    <ClCompile Include="Renderer\Generators\PointGenerator.cpp">
      <Filter>Renderer\GeometryGenerators</Filter>
    </ClCompile>
    <ClCompile Include="Renderer\Generators\QuadGenerator.cpp">
      <Filter>Renderer\GeometryGenerators</Filter>
    </ClCompile>
    <ClCompile Include="Renderer\Generators\TriangleGenerator.cpp">
      <Filter>Renderer\GeometryGenerators</Filter>
    </ClCompile>
    <ClCompile Include="Renderer\Generators\GeometryGenerator.cpp">
      <Filter>Renderer\GeometryGenerators</Filter>
    </ClCompile>
    <ClCompile Include="Renderer\Rasterizer\Bresenham.cpp">
      <Filter>Renderer\Rasterizer\Algorithm</Filter>
    </ClCompile>
    <ClCompile Include="Renderer\Rasterizer\BresenhamList.cpp">
      <Filter>Renderer\Rasterizer\Algorithm</Filter>
    </ClCompile>
    <ClCompile Include="Renderer\Rasterizer\DerivativeTexcoord.cpp">
      <Filter>Renderer\Rasterizer\Algorithm</Filter>
    </ClCompile>
    <ClCompile Include="Renderer\Geometry\SutherlanHodgman.cpp">
      <Filter>Renderer\Geometry</Filter>
    </ClCompile>
    <ClCompile Include="Scene\NeHeSamples\Lesson8.cpp">
      <Filter>Scene\NeHeSamples</Filter>
    </ClCompile>
    <ClCompile Include="Scene\NeHeSamples\ILesson.cpp">
      <Filter>Scene\NeHeSamples</Filter>
    </ClCompile>
    <ClCompile Include="Renderer\Texturing\TextureComponent.cpp">
      <Filter>Renderer\Texturing</Filter>
    </ClCompile>
    <ClCompile Include="Renderer\DepthTest\DepthFunc.cpp">
      <Filter>Renderer\DepthTest</Filter>
    </ClCompile>
    <ClCompile Include="Renderer\DepthTest\DepthBuffer.cpp">
      <Filter>Renderer\DepthTest</Filter>
    </ClCompile>
    <ClCompile Include="Renderer\Blending\BlendFunc.cpp">
      <Filter>Renderer\Blending</Filter>
    </ClCompile>
    <ClCompile Include="Renderer\Blending\BlendComponent.cpp">
      <Filter>Renderer\Blending</Filter>
    </ClCompile>
    <ClCompile Include="Renderer\CullFace\CullFaceComponent.cpp">
      <Filter>Renderer\CullFace</Filter>
    </ClCompile>
    <ClCompile Include="Renderer\Lighting\LightingComponent.cpp">
      <Filter>Renderer\Ligthing</Filter>
    </ClCompile>
    <ClCompile Include="Renderer\Lighting\Material.cpp">
      <Filter>Renderer\Ligthing</Filter>
    </ClCompile>
    <ClCompile Include="Renderer\Lighting\Light.cpp">
      <Filter>Renderer\Ligthing</Filter>
    </ClCompile>
    <ClCompile Include="Scene\gl\glLightManager.cpp">
      <Filter>Scene\gl</Filter>
    </ClCompile>
    <ClCompile Include="Math\Radian.cpp">
      <Filter>Math</Filter>
    </ClCompile>
    <ClCompile Include="Math\Degree.cpp">
      <Filter>Math</Filter>
    </ClCompile>
    <ClCompile Include="Scene\NeHeSamples\Lesson45.cpp">
      <Filter>Scene\NeHeSamples</Filter>
    </ClCompile>
    <ClCompile Include="Scene\gl\glBridge.cpp">
      <Filter>Scene\gl</Filter>
    </ClCompile>
    <ClCompile Include="Renderer\Mesh\Mesh.cpp">
      <Filter>Renderer\Mesh</Filter>
    </ClCompile>
    <ClCompile Include="Renderer\Mesh\VertexIterator.cpp">
      <Filter>Renderer\Mesh</Filter>
    </ClCompile>
    <ClCompile Include="Scene\gl\glMeshBuilder.cpp">
      <Filter>Scene\gl</Filter>
    </ClCompile>
    <ClCompile Include="Scene\gl\Buffer\glVertexBuffer.cpp">
      <Filter>Scene\gl\Buffer</Filter>
    </ClCompile>
    <ClCompile Include="Scene\gl\Buffer\glIndexBuffer.cpp">
      <Filter>Scene\gl\Buffer</Filter>
    </ClCompile>
    <ClCompile Include="Scene\gl\glAdapter.cpp">
      <Filter>Scene\gl</Filter>
    </ClCompile>
    <ClCompile Include="Scene\NeHeSamples\Lesson18.cpp">
      <Filter>Scene\NeHeSamples</Filter>
    </ClCompile>
    <ClCompile Include="Renderer\Mesh\SampleMesh.cpp">
      <Filter>Renderer\Mesh</Filter>
    </ClCompile>
    <ClCompile Include="Renderer\Mesh\Quadric.cpp">
      <Filter>Renderer\Mesh</Filter>
    </ClCompile>
  </ItemGroup>
</Project>