<?xml version="1.0" encoding="utf-8"?>
<Project ToolsVersion="4.0" xmlns="http://schemas.microsoft.com/developer/msbuild/2003">
  <ItemGroup>
    <Filter Include="소스 파일">
      <UniqueIdentifier>{4FC737F1-C7A5-4376-A066-2A32D752A2FF}</UniqueIdentifier>
      <Extensions>cpp;c;cc;cxx;c++;def;odl;idl;hpj;bat;asm;asmx</Extensions>
    </Filter>
    <Filter Include="헤더 파일">
      <UniqueIdentifier>{93995380-89BD-4b04-88EB-625FBE52EBFB}</UniqueIdentifier>
      <Extensions>h;hh;hpp;hxx;h++;hm;inl;inc;ipp;xsd</Extensions>
    </Filter>
    <Filter Include="리소스 파일">
      <UniqueIdentifier>{67DA6AB6-F800-4c08-8B7A-83BB121AAD01}</UniqueIdentifier>
      <Extensions>rc;ico;cur;bmp;dlg;rc2;rct;bin;rgs;gif;jpg;jpeg;jpe;resx;tiff;tif;png;wav;mfcribbon-ms</Extensions>
    </Filter>
    <Filter Include="Renderer">
      <UniqueIdentifier>{1f4ec524-e2a2-4c62-855e-f6e60d96f341}</UniqueIdentifier>
    </Filter>
    <Filter Include="Util">
      <UniqueIdentifier>{81ac523c-d3ef-4e3f-a022-57962ef0b5bc}</UniqueIdentifier>
    </Filter>
    <Filter Include="Math">
      <UniqueIdentifier>{7e78fbb2-2ff2-4568-ae8f-54e3922c350d}</UniqueIdentifier>
    </Filter>
    <Filter Include="Scene">
      <UniqueIdentifier>{8a71d56f-4997-4dec-88ef-f07528a749c8}</UniqueIdentifier>
    </Filter>
    <Filter Include="Scene\NeHeSamples">
      <UniqueIdentifier>{1ab52c48-a0b1-4212-bab7-50b7dec43ade}</UniqueIdentifier>
    </Filter>
    <Filter Include="Renderer\Rasterizer">
      <UniqueIdentifier>{a1a4675b-61df-4521-a203-b95292cd6fc4}</UniqueIdentifier>
    </Filter>
    <Filter Include="Renderer\RasterizerGenerators">
      <UniqueIdentifier>{8b7dbe1e-614d-4740-a91c-5e55dacdf028}</UniqueIdentifier>
    </Filter>
    <Filter Include="Scene\gl">
      <UniqueIdentifier>{2cb3a64e-57d7-4e4b-b7de-0c99ca59f6a0}</UniqueIdentifier>
    </Filter>
    <Filter Include="Renderer\Texturing">
      <UniqueIdentifier>{756bcc1a-ce64-46a3-8a8b-4c0bdc4f10d2}</UniqueIdentifier>
    </Filter>
  </ItemGroup>
  <ItemGroup>
    <ClInclude Include="targetver.h">
      <Filter>헤더 파일</Filter>
    </ClInclude>
    <ClInclude Include="Resource.h">
      <Filter>헤더 파일</Filter>
    </ClInclude>
    <ClInclude Include="SoftwareRenderer.h">
      <Filter>헤더 파일</Filter>
    </ClInclude>
    <ClInclude Include="Renderer\GdiRenderer.h">
      <Filter>Renderer</Filter>
    </ClInclude>
    <ClInclude Include="Renderer\IRenderer.h">
      <Filter>Renderer</Filter>
    </ClInclude>
    <ClInclude Include="framework.h">
      <Filter>헤더 파일</Filter>
    </ClInclude>
    <ClInclude Include="Time.h">
      <Filter>헤더 파일</Filter>
    </ClInclude>
    <ClInclude Include="Renderer\FrameBuffer.h">
      <Filter>Renderer</Filter>
    </ClInclude>
    <ClInclude Include="Util\IBaseIterator.h">
      <Filter>Util</Filter>
    </ClInclude>
    <ClInclude Include="Math\RangeInt.h">
      <Filter>Math</Filter>
    </ClInclude>
    <ClInclude Include="Renderer\PixelIterator.h">
      <Filter>Renderer</Filter>
    </ClInclude>
    <ClInclude Include="Math\Vector2.hpp">
      <Filter>Math</Filter>
    </ClInclude>
    <ClInclude Include="Math\Vector3.hpp">
      <Filter>Math</Filter>
    </ClInclude>
    <ClInclude Include="Math\Vector4.hpp">
      <Filter>Math</Filter>
    </ClInclude>
    <ClInclude Include="Math\Vector.h">
      <Filter>Math</Filter>
    </ClInclude>
    <ClInclude Include="Math\Matrix4x4.h">
      <Filter>Math</Filter>
    </ClInclude>
    <ClInclude Include="Renderer\Vertex.h">
      <Filter>Renderer</Filter>
    </ClInclude>
    <ClInclude Include="Scene\SampleScene.h">
      <Filter>Scene</Filter>
    </ClInclude>
    <ClInclude Include="Scene\IScene.h">
      <Filter>Scene</Filter>
    </ClInclude>
    <ClInclude Include="Scene\SceneFactory.h">
      <Filter>Scene</Filter>
    </ClInclude>
    <ClInclude Include="Scene\NeHeSamples\NeHeSample.h">
      <Filter>Scene\NeHeSamples</Filter>
    </ClInclude>
    <ClInclude Include="Math\RangeIterator.h">
      <Filter>Math</Filter>
    </ClInclude>
    <ClInclude Include="Math\MathExt.h">
      <Filter>Math</Filter>
    </ClInclude>
    <ClInclude Include="Renderer\Rasterizer\Line.h">
      <Filter>Renderer\Rasterizer</Filter>
    </ClInclude>
    <ClInclude Include="Renderer\Rasterizer\Point.h">
      <Filter>Renderer\Rasterizer</Filter>
    </ClInclude>
    <ClInclude Include="Renderer\Rasterizer\Triangle.h">
      <Filter>Renderer\Rasterizer</Filter>
    </ClInclude>
    <ClInclude Include="Renderer\Rasterizer\Bresenham.h">
      <Filter>Renderer\Rasterizer</Filter>
    </ClInclude>
    <ClInclude Include="Renderer\Rasterizer\RasterizedPixel.h">
      <Filter>Renderer\Rasterizer</Filter>
    </ClInclude>
    <ClInclude Include="Renderer\RasterizerGenerators\RasterizerGenerator.h">
      <Filter>Renderer\RasterizerGenerators</Filter>
    </ClInclude>
    <ClInclude Include="Renderer\RasterizerGenerators\TriangleGenerator.h">
      <Filter>Renderer\RasterizerGenerators</Filter>
    </ClInclude>
    <ClInclude Include="Renderer\RasterizerGenerators\Types.h">
      <Filter>Renderer\RasterizerGenerators</Filter>
    </ClInclude>
    <ClInclude Include="Renderer\RasterizerGenerators\LineGenerator.h">
      <Filter>Renderer\RasterizerGenerators</Filter>
    </ClInclude>
    <ClInclude Include="Renderer\RasterizerGenerators\PointGenerator.h">
      <Filter>Renderer\RasterizerGenerators</Filter>
    </ClInclude>
    <ClInclude Include="Renderer\RasterizerGenerators\QuadGenerator.h">
      <Filter>Renderer\RasterizerGenerators</Filter>
    </ClInclude>
    <ClInclude Include="Renderer\DepthBuffer.h">
      <Filter>Renderer</Filter>
    </ClInclude>
    <ClInclude Include="Math\Bounds.h">
      <Filter>Math</Filter>
    </ClInclude>
    <ClInclude Include="Renderer\Rasterizer\IRasterizer.h">
      <Filter>Renderer\Rasterizer</Filter>
    </ClInclude>
    <ClInclude Include="Scene\gl\glAdapter.h">
      <Filter>Scene\gl</Filter>
    </ClInclude>
    <ClInclude Include="Renderer\Texturing\Texture2D.h">
      <Filter>Renderer\Texturing</Filter>
    </ClInclude>
    <ClInclude Include="Util\IImageSource.h">
      <Filter>Util</Filter>
    </ClInclude>
    <ClInclude Include="Util\Bitmap.h">
      <Filter>Util</Filter>
    </ClInclude>
    <ClInclude Include="Scene\gl\glTextureManager.h">
      <Filter>Scene\gl</Filter>
    </ClInclude>
    <ClInclude Include="Scene\gl\AUX_RGBImageRec.h">
      <Filter>Scene\gl</Filter>
    </ClInclude>
    <ClInclude Include="SceneMenu.h">
      <Filter>헤더 파일</Filter>
    </ClInclude>
    <ClInclude Include="Renderer\Texturing\WrapMode.h">
      <Filter>Renderer\Texturing</Filter>
    </ClInclude>
    <ClInclude Include="Util\Dictionary.hpp">
      <Filter>Util</Filter>
    </ClInclude>
    <ClInclude Include="Renderer\Texturing\ITexture.h">
      <Filter>Renderer\Texturing</Filter>
    </ClInclude>
    <ClInclude Include="Renderer\Texturing\TextureFilter.h">
      <Filter>Renderer\Texturing</Filter>
    </ClInclude>
    <ClInclude Include="Renderer\Rasterizer\DerivativeTexcoord.h">
      <Filter>Renderer\Rasterizer</Filter>
    </ClInclude>
    <ClInclude Include="Renderer\Texturing\Mipmap.h">
      <Filter>Renderer\Texturing</Filter>
    </ClInclude>
  </ItemGroup>
  <ItemGroup>
    <ResourceCompile Include="SoftwareRenderer.rc">
      <Filter>리소스 파일</Filter>
    </ResourceCompile>
  </ItemGroup>
  <ItemGroup>
    <Image Include="small.ico">
      <Filter>리소스 파일</Filter>
    </Image>
    <Image Include="SoftwareRenderer.ico">
      <Filter>리소스 파일</Filter>
    </Image>
  </ItemGroup>
  <ItemGroup>
    <ClCompile Include="WinMain.cpp">
      <Filter>소스 파일</Filter>
    </ClCompile>
    <ClCompile Include="Renderer\GdiRenderer.cpp">
      <Filter>Renderer</Filter>
    </ClCompile>
    <ClCompile Include="framework.cpp">
      <Filter>소스 파일</Filter>
    </ClCompile>
    <ClCompile Include="Time.cpp">
      <Filter>소스 파일</Filter>
    </ClCompile>
    <ClCompile Include="Renderer\FrameBuffer.cpp">
      <Filter>Renderer</Filter>
    </ClCompile>
    <ClCompile Include="Math\RangeInt.cpp">
      <Filter>Math</Filter>
    </ClCompile>
    <ClCompile Include="Renderer\PixelIterator.cpp">
      <Filter>Renderer</Filter>
    </ClCompile>
    <ClCompile Include="Math\Matrix4x4.cpp">
      <Filter>Math</Filter>
    </ClCompile>
    <ClCompile Include="Renderer\Vertex.cpp">
      <Filter>Renderer</Filter>
    </ClCompile>
    <ClCompile Include="Scene\SampleScene.cpp">
      <Filter>Scene</Filter>
    </ClCompile>
    <ClCompile Include="Scene\SceneFactory.cpp">
      <Filter>Scene</Filter>
    </ClCompile>
    <ClCompile Include="Scene\NeHeSamples\NeHeSample.cpp">
      <Filter>Scene\NeHeSamples</Filter>
    </ClCompile>
    <ClCompile Include="Math\RangeIterator.cpp">
      <Filter>Math</Filter>
    </ClCompile>
    <ClCompile Include="Renderer\Rasterizer\Line.cpp">
      <Filter>Renderer\Rasterizer</Filter>
    </ClCompile>
    <ClCompile Include="Renderer\Rasterizer\Point.cpp">
      <Filter>Renderer\Rasterizer</Filter>
    </ClCompile>
    <ClCompile Include="Renderer\Rasterizer\Triangle.cpp">
      <Filter>Renderer\Rasterizer</Filter>
    </ClCompile>
    <ClCompile Include="Renderer\Rasterizer\Bresenham.cpp">
      <Filter>Renderer\Rasterizer</Filter>
    </ClCompile>
    <ClCompile Include="Renderer\Rasterizer\RasterizedPixel.cpp">
      <Filter>Renderer\Rasterizer</Filter>
    </ClCompile>
    <ClCompile Include="Renderer\RasterizerGenerators\TriangleGenerator.cpp">
      <Filter>Renderer\RasterizerGenerators</Filter>
    </ClCompile>
    <ClCompile Include="Renderer\RasterizerGenerators\LineGenerator.cpp">
      <Filter>Renderer\RasterizerGenerators</Filter>
    </ClCompile>
    <ClCompile Include="Renderer\RasterizerGenerators\PointGenerator.cpp">
      <Filter>Renderer\RasterizerGenerators</Filter>
    </ClCompile>
    <ClCompile Include="Renderer\RasterizerGenerators\RasterizerGenerator.cpp">
      <Filter>Renderer\RasterizerGenerators</Filter>
    </ClCompile>
    <ClCompile Include="Renderer\RasterizerGenerators\QuadGenerator.cpp">
      <Filter>Renderer\RasterizerGenerators</Filter>
    </ClCompile>
    <ClCompile Include="Renderer\DepthBuffer.cpp">
      <Filter>Renderer</Filter>
    </ClCompile>
    <ClCompile Include="Math\Bounds.cpp">
      <Filter>Math</Filter>
    </ClCompile>
    <ClCompile Include="Scene\gl\glAdapter.cpp">
      <Filter>Scene\gl</Filter>
    </ClCompile>
    <ClCompile Include="Scene\NeHeSamples\Lesson6.cpp">
      <Filter>Scene\NeHeSamples</Filter>
    </ClCompile>
    <ClCompile Include="Renderer\Texturing\Texture2D.cpp">
      <Filter>Renderer\Texturing</Filter>
    </ClCompile>
    <ClCompile Include="Util\Bitmap.cpp">
      <Filter>Util</Filter>
    </ClCompile>
    <ClCompile Include="Scene\gl\glTextureManager.cpp">
      <Filter>Scene\gl</Filter>
    </ClCompile>
    <ClCompile Include="Scene\gl\AUX_RGBImageRec.cpp">
      <Filter>Scene\gl</Filter>
    </ClCompile>
    <ClCompile Include="SceneMenu.cpp">
      <Filter>소스 파일</Filter>
    </ClCompile>
    <ClCompile Include="Renderer\Texturing\WrapMode.cpp">
      <Filter>Renderer\Texturing</Filter>
    </ClCompile>
    <ClCompile Include="Renderer\Texturing\TextureFilter.cpp">
      <Filter>Renderer\Texturing</Filter>
    </ClCompile>
    <ClCompile Include="Renderer\Rasterizer\DerivativeTexcoord.cpp">
      <Filter>Renderer\Rasterizer</Filter>
    </ClCompile>
    <ClCompile Include="Renderer\Texturing\Mipmap.cpp">
      <Filter>Renderer\Texturing</Filter>
    </ClCompile>
  </ItemGroup>
</Project>